// !$*UTF8*$!
{
	archiveVersion = 1;
	classes = {
	};
	objectVersion = 55;
	objects = {

/* Begin PBXBuildFile section */
		83242B2928AE938C0015D9D1 /* ExploreView.swift in Sources */ = {isa = PBXBuildFile; fileRef = 83242B2828AE938C0015D9D1 /* ExploreView.swift */; };
		83242B2B28AE93A50015D9D1 /* NotificationsView.swift in Sources */ = {isa = PBXBuildFile; fileRef = 83242B2A28AE93A50015D9D1 /* NotificationsView.swift */; };
		83242B2D28AE93BE0015D9D1 /* MessagesView.swift in Sources */ = {isa = PBXBuildFile; fileRef = 83242B2C28AE93BE0015D9D1 /* MessagesView.swift */; };
		83242B3128AE9F4A0015D9D1 /* ProfileView.swift in Sources */ = {isa = PBXBuildFile; fileRef = 83242B3028AE9F4A0015D9D1 /* ProfileView.swift */; };
		832536D428CA68B400B80CC9 /* LoginView.swift in Sources */ = {isa = PBXBuildFile; fileRef = 832536D328CA68B400B80CC9 /* LoginView.swift */; };
		832536D628CA68CB00B80CC9 /* RegistrationView.swift in Sources */ = {isa = PBXBuildFile; fileRef = 832536D528CA68CB00B80CC9 /* RegistrationView.swift */; };
		832536D828CA83A300B80CC9 /* RoundShape.swift in Sources */ = {isa = PBXBuildFile; fileRef = 832536D728CA83A300B80CC9 /* RoundShape.swift */; };
		833C1B3C28A6C46400BDB363 /* TweetsRowView.swift in Sources */ = {isa = PBXBuildFile; fileRef = 833C1B3B28A6C46400BDB363 /* TweetsRowView.swift */; };
		833C1B3F28A6CB4100BDB363 /* MainTabView.swift in Sources */ = {isa = PBXBuildFile; fileRef = 833C1B3E28A6CB4100BDB363 /* MainTabView.swift */; };
		8349791B28BE8E8500BE049D /* NewTweetView.swift in Sources */ = {isa = PBXBuildFile; fileRef = 8349791A28BE8E8500BE049D /* NewTweetView.swift */; };
		836EC77728D6BFB800F79B4F /* AuthViewModel.swift in Sources */ = {isa = PBXBuildFile; fileRef = 836EC77628D6BFB800F79B4F /* AuthViewModel.swift */; };
		837EC83028A6173200A3F13F /* FeedView.swift in Sources */ = {isa = PBXBuildFile; fileRef = 837EC82F28A6173200A3F13F /* FeedView.swift */; };
		83A24FB728BE3CED0044B455 /* SideMenuOptionRowView.swift in Sources */ = {isa = PBXBuildFile; fileRef = 83A24FB628BE3CED0044B455 /* SideMenuOptionRowView.swift */; };
		83C1312728A34936000B5324 /* TwitterApp.swift in Sources */ = {isa = PBXBuildFile; fileRef = 83C1312628A34936000B5324 /* TwitterApp.swift */; };
		83C1312928A34936000B5324 /* ContentView.swift in Sources */ = {isa = PBXBuildFile; fileRef = 83C1312828A34936000B5324 /* ContentView.swift */; };
		83C1312B28A34937000B5324 /* Assets.xcassets in Resources */ = {isa = PBXBuildFile; fileRef = 83C1312A28A34937000B5324 /* Assets.xcassets */; };
		83C1312E28A34937000B5324 /* Preview Assets.xcassets in Resources */ = {isa = PBXBuildFile; fileRef = 83C1312D28A34937000B5324 /* Preview Assets.xcassets */; };
		83CB1D2728BCA028007F5736 /* UserRowView.swift in Sources */ = {isa = PBXBuildFile; fileRef = 83CB1D2628BCA028007F5736 /* UserRowView.swift */; };
		83CB1D2C28BCA3EB007F5736 /* SideMenuView.swift in Sources */ = {isa = PBXBuildFile; fileRef = 83CB1D2B28BCA3EB007F5736 /* SideMenuView.swift */; };
		83CB1D3028BCA40D007F5736 /* SideMenuViewModel.swift in Sources */ = {isa = PBXBuildFile; fileRef = 83CB1D2F28BCA40D007F5736 /* SideMenuViewModel.swift */; };
		83CB1D3228BD027B007F5736 /* UserStatsView.swift in Sources */ = {isa = PBXBuildFile; fileRef = 83CB1D3128BD027B007F5736 /* UserStatsView.swift */; };
		83CB45DA28BFB75F0097162D /* TextArea.swift in Sources */ = {isa = PBXBuildFile; fileRef = 83CB45D928BFB75F0097162D /* TextArea.swift */; };
		83DF5CB228D4B92B00D2AE6B /* GoogleService-Info.plist in Resources */ = {isa = PBXBuildFile; fileRef = 83DF5CB128D4B92B00D2AE6B /* GoogleService-Info.plist */; };
		83DF5CB528D4BAA000D2AE6B /* FirebaseAuth in Frameworks */ = {isa = PBXBuildFile; productRef = 83DF5CB428D4BAA000D2AE6B /* FirebaseAuth */; };
		83DF5CB728D4BAA000D2AE6B /* FirebaseFirestore in Frameworks */ = {isa = PBXBuildFile; productRef = 83DF5CB628D4BAA000D2AE6B /* FirebaseFirestore */; };
		83DF5CB928D4BAA000D2AE6B /* FirebaseFirestoreSwift in Frameworks */ = {isa = PBXBuildFile; productRef = 83DF5CB828D4BAA000D2AE6B /* FirebaseFirestoreSwift */; };
		83DF5CBB28D4BAA000D2AE6B /* FirebaseStorage in Frameworks */ = {isa = PBXBuildFile; productRef = 83DF5CBA28D4BAA000D2AE6B /* FirebaseStorage */; };
		83DFBFAE28CD42310042E41F /* CustomInputField.swift in Sources */ = {isa = PBXBuildFile; fileRef = 83DFBFAD28CD42310042E41F /* CustomInputField.swift */; };
		83DFBFB128CD450B0042E41F /* AuthHeaderView.swift in Sources */ = {isa = PBXBuildFile; fileRef = 83DFBFB028CD450B0042E41F /* AuthHeaderView.swift */; };
		83F3487428B15C9C00743879 /* TweerFilterViewModel.swift in Sources */ = {isa = PBXBuildFile; fileRef = 83F3487328B15C9C00743879 /* TweerFilterViewModel.swift */; };
/* End PBXBuildFile section */

/* Begin PBXFileReference section */
		83242B2828AE938C0015D9D1 /* ExploreView.swift */ = {isa = PBXFileReference; lastKnownFileType = sourcecode.swift; path = ExploreView.swift; sourceTree = "<group>"; };
		83242B2A28AE93A50015D9D1 /* NotificationsView.swift */ = {isa = PBXFileReference; lastKnownFileType = sourcecode.swift; path = NotificationsView.swift; sourceTree = "<group>"; };
		83242B2C28AE93BE0015D9D1 /* MessagesView.swift */ = {isa = PBXFileReference; lastKnownFileType = sourcecode.swift; path = MessagesView.swift; sourceTree = "<group>"; };
		83242B3028AE9F4A0015D9D1 /* ProfileView.swift */ = {isa = PBXFileReference; lastKnownFileType = sourcecode.swift; path = ProfileView.swift; sourceTree = "<group>"; };
		832536D328CA68B400B80CC9 /* LoginView.swift */ = {isa = PBXFileReference; lastKnownFileType = sourcecode.swift; path = LoginView.swift; sourceTree = "<group>"; };
		832536D528CA68CB00B80CC9 /* RegistrationView.swift */ = {isa = PBXFileReference; lastKnownFileType = sourcecode.swift; path = RegistrationView.swift; sourceTree = "<group>"; };
		832536D728CA83A300B80CC9 /* RoundShape.swift */ = {isa = PBXFileReference; lastKnownFileType = sourcecode.swift; path = RoundShape.swift; sourceTree = "<group>"; };
		833C1B3B28A6C46400BDB363 /* TweetsRowView.swift */ = {isa = PBXFileReference; lastKnownFileType = sourcecode.swift; path = TweetsRowView.swift; sourceTree = "<group>"; };
		833C1B3E28A6CB4100BDB363 /* MainTabView.swift */ = {isa = PBXFileReference; lastKnownFileType = sourcecode.swift; path = MainTabView.swift; sourceTree = "<group>"; };
		8349791A28BE8E8500BE049D /* NewTweetView.swift */ = {isa = PBXFileReference; lastKnownFileType = sourcecode.swift; path = NewTweetView.swift; sourceTree = "<group>"; };
		836EC77628D6BFB800F79B4F /* AuthViewModel.swift */ = {isa = PBXFileReference; lastKnownFileType = sourcecode.swift; path = AuthViewModel.swift; sourceTree = "<group>"; };
		837EC82F28A6173200A3F13F /* FeedView.swift */ = {isa = PBXFileReference; lastKnownFileType = sourcecode.swift; path = FeedView.swift; sourceTree = "<group>"; };
		83A24FB628BE3CED0044B455 /* SideMenuOptionRowView.swift */ = {isa = PBXFileReference; lastKnownFileType = sourcecode.swift; path = SideMenuOptionRowView.swift; sourceTree = "<group>"; };
		83C1312328A34936000B5324 /* Twitter.app */ = {isa = PBXFileReference; explicitFileType = wrapper.application; includeInIndex = 0; path = Twitter.app; sourceTree = BUILT_PRODUCTS_DIR; };
		83C1312628A34936000B5324 /* TwitterApp.swift */ = {isa = PBXFileReference; lastKnownFileType = sourcecode.swift; path = TwitterApp.swift; sourceTree = "<group>"; };
		83C1312828A34936000B5324 /* ContentView.swift */ = {isa = PBXFileReference; lastKnownFileType = sourcecode.swift; path = ContentView.swift; sourceTree = "<group>"; };
		83C1312A28A34937000B5324 /* Assets.xcassets */ = {isa = PBXFileReference; lastKnownFileType = folder.assetcatalog; path = Assets.xcassets; sourceTree = "<group>"; };
		83C1312D28A34937000B5324 /* Preview Assets.xcassets */ = {isa = PBXFileReference; lastKnownFileType = folder.assetcatalog; path = "Preview Assets.xcassets"; sourceTree = "<group>"; };
		83CB1D2628BCA028007F5736 /* UserRowView.swift */ = {isa = PBXFileReference; lastKnownFileType = sourcecode.swift; path = UserRowView.swift; sourceTree = "<group>"; };
		83CB1D2B28BCA3EB007F5736 /* SideMenuView.swift */ = {isa = PBXFileReference; lastKnownFileType = sourcecode.swift; path = SideMenuView.swift; sourceTree = "<group>"; };
		83CB1D2F28BCA40D007F5736 /* SideMenuViewModel.swift */ = {isa = PBXFileReference; lastKnownFileType = sourcecode.swift; path = SideMenuViewModel.swift; sourceTree = "<group>"; };
		83CB1D3128BD027B007F5736 /* UserStatsView.swift */ = {isa = PBXFileReference; lastKnownFileType = sourcecode.swift; path = UserStatsView.swift; sourceTree = "<group>"; };
		83CB45D928BFB75F0097162D /* TextArea.swift */ = {isa = PBXFileReference; lastKnownFileType = sourcecode.swift; path = TextArea.swift; sourceTree = "<group>"; };
		83DF5CB128D4B92B00D2AE6B /* GoogleService-Info.plist */ = {isa = PBXFileReference; lastKnownFileType = text.plist; path = "GoogleService-Info.plist"; sourceTree = SOURCE_ROOT; };
		83DFBFAD28CD42310042E41F /* CustomInputField.swift */ = {isa = PBXFileReference; lastKnownFileType = sourcecode.swift; path = CustomInputField.swift; sourceTree = "<group>"; };
		83DFBFB028CD450B0042E41F /* AuthHeaderView.swift */ = {isa = PBXFileReference; lastKnownFileType = sourcecode.swift; path = AuthHeaderView.swift; sourceTree = "<group>"; };
		83F3487328B15C9C00743879 /* TweerFilterViewModel.swift */ = {isa = PBXFileReference; lastKnownFileType = sourcecode.swift; path = TweerFilterViewModel.swift; sourceTree = "<group>"; };
/* End PBXFileReference section */

/* Begin PBXFrameworksBuildPhase section */
		83C1312028A34936000B5324 /* Frameworks */ = {
			isa = PBXFrameworksBuildPhase;
			buildActionMask = 2147483647;
			files = (
				83DF5CB528D4BAA000D2AE6B /* FirebaseAuth in Frameworks */,
				83DF5CBB28D4BAA000D2AE6B /* FirebaseStorage in Frameworks */,
				83DF5CB728D4BAA000D2AE6B /* FirebaseFirestore in Frameworks */,
				83DF5CB928D4BAA000D2AE6B /* FirebaseFirestoreSwift in Frameworks */,
			);
			runOnlyForDeploymentPostprocessing = 0;
		};
/* End PBXFrameworksBuildPhase section */

/* Begin PBXGroup section */
		83242B2428AE8ED90015D9D1 /* Messages */ = {
			isa = PBXGroup;
			children = (
				83242B2C28AE93BE0015D9D1 /* MessagesView.swift */,
			);
			path = Messages;
			sourceTree = "<group>";
		};
		83242B2528AE8EDD0015D9D1 /* Notifications */ = {
			isa = PBXGroup;
			children = (
				83242B2A28AE93A50015D9D1 /* NotificationsView.swift */,
			);
			path = Notifications;
			sourceTree = "<group>";
		};
		83242B2628AE8EEA0015D9D1 /* Explore */ = {
			isa = PBXGroup;
			children = (
				83CB1D2328BC9F16007F5736 /* ViewModels */,
				83CB1D2428BC9F2A007F5736 /* Views */,
			);
			path = Explore;
			sourceTree = "<group>";
		};
		83242B2728AE8F340015D9D1 /* Profile */ = {
			isa = PBXGroup;
			children = (
				83242B2F28AE9F3B0015D9D1 /* Views */,
				83242B2E28AE9F330015D9D1 /* ViewModels */,
			);
			path = Profile;
			sourceTree = "<group>";
		};
		83242B2E28AE9F330015D9D1 /* ViewModels */ = {
			isa = PBXGroup;
			children = (
				83F3487328B15C9C00743879 /* TweerFilterViewModel.swift */,
			);
			path = ViewModels;
			sourceTree = "<group>";
		};
		83242B2F28AE9F3B0015D9D1 /* Views */ = {
			isa = PBXGroup;
			children = (
				83242B3028AE9F4A0015D9D1 /* ProfileView.swift */,
			);
			path = Views;
			sourceTree = "<group>";
		};
		832536D028CA67D500B80CC9 /* Authentication */ = {
			isa = PBXGroup;
			children = (
				832536D128CA67F400B80CC9 /* ViewModel */,
				832536D228CA67FA00B80CC9 /* Views */,
			);
			path = Authentication;
			sourceTree = "<group>";
		};
		832536D128CA67F400B80CC9 /* ViewModel */ = {
			isa = PBXGroup;
			children = (
				836EC77628D6BFB800F79B4F /* AuthViewModel.swift */,
			);
			path = ViewModel;
			sourceTree = "<group>";
		};
		832536D228CA67FA00B80CC9 /* Views */ = {
			isa = PBXGroup;
			children = (
				832536D328CA68B400B80CC9 /* LoginView.swift */,
				832536D528CA68CB00B80CC9 /* RegistrationView.swift */,
			);
			path = Views;
			sourceTree = "<group>";
		};
		833C1B3A28A6C42C00BDB363 /* Tweets */ = {
			isa = PBXGroup;
			children = (
				833C1B3B28A6C46400BDB363 /* TweetsRowView.swift */,
			);
			path = Tweets;
			sourceTree = "<group>";
		};
		833C1B3D28A6CB1600BDB363 /* MainTab */ = {
			isa = PBXGroup;
			children = (
				833C1B3E28A6CB4100BDB363 /* MainTabView.swift */,
			);
			path = MainTab;
			sourceTree = "<group>";
		};
		8349791728BE8E4600BE049D /* UploadTweet */ = {
			isa = PBXGroup;
			children = (
				8349791828BE8E5C00BE049D /* ViewModels */,
				8349791928BE8E6200BE049D /* Views */,
			);
			path = UploadTweet;
			sourceTree = "<group>";
		};
		8349791828BE8E5C00BE049D /* ViewModels */ = {
			isa = PBXGroup;
			children = (
			);
			path = ViewModels;
			sourceTree = "<group>";
		};
		8349791928BE8E6200BE049D /* Views */ = {
			isa = PBXGroup;
			children = (
				8349791A28BE8E8500BE049D /* NewTweetView.swift */,
			);
			path = Views;
			sourceTree = "<group>";
		};
		837EC82528A6156400A3F13F /* Extensions */ = {
			isa = PBXGroup;
			children = (
			);
			path = Extensions;
			sourceTree = "<group>";
		};
		837EC82628A6157700A3F13F /* Model */ = {
			isa = PBXGroup;
			children = (
			);
			path = Model;
			sourceTree = "<group>";
		};
		837EC82728A6157D00A3F13F /* Service */ = {
			isa = PBXGroup;
			children = (
			);
			path = Service;
			sourceTree = "<group>";
		};
		837EC82828A6158400A3F13F /* Core */ = {
			isa = PBXGroup;
			children = (
				837EC82928A6159300A3F13F /* Components */,
				832536D028CA67D500B80CC9 /* Authentication */,
				8349791728BE8E4600BE049D /* UploadTweet */,
				83CB1D2828BCA3BD007F5736 /* SideMenu */,
				83242B2728AE8F340015D9D1 /* Profile */,
				83242B2628AE8EEA0015D9D1 /* Explore */,
				83242B2528AE8EDD0015D9D1 /* Notifications */,
				83242B2428AE8ED90015D9D1 /* Messages */,
				833C1B3D28A6CB1600BDB363 /* MainTab */,
				837EC82A28A615AC00A3F13F /* Feed */,
			);
			path = Core;
			sourceTree = "<group>";
		};
		837EC82928A6159300A3F13F /* Components */ = {
			isa = PBXGroup;
			children = (
				83DFBFAF28CD44EB0042E41F /* Authentication */,
				83CB1D2528BCA013007F5736 /* Users */,
				833C1B3A28A6C42C00BDB363 /* Tweets */,
				83CB45D928BFB75F0097162D /* TextArea.swift */,
				832536D728CA83A300B80CC9 /* RoundShape.swift */,
				83DFBFAD28CD42310042E41F /* CustomInputField.swift */,
			);
			path = Components;
			sourceTree = "<group>";
		};
		837EC82A28A615AC00A3F13F /* Feed */ = {
			isa = PBXGroup;
			children = (
				837EC82C28A6162900A3F13F /* View */,
				837EC82B28A6162000A3F13F /* ViewModels */,
			);
			path = Feed;
			sourceTree = "<group>";
		};
		837EC82B28A6162000A3F13F /* ViewModels */ = {
			isa = PBXGroup;
			children = (
				837EC82F28A6173200A3F13F /* FeedView.swift */,
			);
			path = ViewModels;
			sourceTree = "<group>";
		};
		837EC82C28A6162900A3F13F /* View */ = {
			isa = PBXGroup;
			children = (
			);
			path = View;
			sourceTree = "<group>";
		};
		83C1311A28A34936000B5324 = {
			isa = PBXGroup;
			children = (
				83C1312528A34936000B5324 /* Twitter */,
				83C1312428A34936000B5324 /* Products */,
			);
			sourceTree = "<group>";
		};
		83C1312428A34936000B5324 /* Products */ = {
			isa = PBXGroup;
			children = (
				83C1312328A34936000B5324 /* Twitter.app */,
			);
			name = Products;
			sourceTree = "<group>";
		};
		83C1312528A34936000B5324 /* Twitter */ = {
			isa = PBXGroup;
			children = (
				837EC82528A6156400A3F13F /* Extensions */,
				837EC82628A6157700A3F13F /* Model */,
				837EC82728A6157D00A3F13F /* Service */,
				837EC82828A6158400A3F13F /* Core */,
				83C1312628A34936000B5324 /* TwitterApp.swift */,
				83C1312828A34936000B5324 /* ContentView.swift */,
				83C1312A28A34937000B5324 /* Assets.xcassets */,
				83DF5CB128D4B92B00D2AE6B /* GoogleService-Info.plist */,
				83C1312C28A34937000B5324 /* Preview Content */,
			);
			path = Twitter;
			sourceTree = "<group>";
		};
		83C1312C28A34937000B5324 /* Preview Content */ = {
			isa = PBXGroup;
			children = (
				83C1312D28A34937000B5324 /* Preview Assets.xcassets */,
			);
			path = "Preview Content";
			sourceTree = "<group>";
		};
		83CB1D2328BC9F16007F5736 /* ViewModels */ = {
			isa = PBXGroup;
			children = (
			);
			path = ViewModels;
			sourceTree = "<group>";
		};
		83CB1D2428BC9F2A007F5736 /* Views */ = {
			isa = PBXGroup;
			children = (
				83242B2828AE938C0015D9D1 /* ExploreView.swift */,
			);
			path = Views;
			sourceTree = "<group>";
		};
		83CB1D2528BCA013007F5736 /* Users */ = {
			isa = PBXGroup;
			children = (
				83CB1D2628BCA028007F5736 /* UserRowView.swift */,
				83CB1D3128BD027B007F5736 /* UserStatsView.swift */,
			);
			path = Users;
			sourceTree = "<group>";
		};
		83CB1D2828BCA3BD007F5736 /* SideMenu */ = {
			isa = PBXGroup;
			children = (
				83CB1D2928BCA3D3007F5736 /* ViewModel */,
				83CB1D2A28BCA3DB007F5736 /* Views */,
			);
			path = SideMenu;
			sourceTree = "<group>";
		};
		83CB1D2928BCA3D3007F5736 /* ViewModel */ = {
			isa = PBXGroup;
			children = (
				83CB1D2F28BCA40D007F5736 /* SideMenuViewModel.swift */,
			);
			path = ViewModel;
			sourceTree = "<group>";
		};
		83CB1D2A28BCA3DB007F5736 /* Views */ = {
			isa = PBXGroup;
			children = (
				83CB1D2B28BCA3EB007F5736 /* SideMenuView.swift */,
				83A24FB628BE3CED0044B455 /* SideMenuOptionRowView.swift */,
			);
			path = Views;
			sourceTree = "<group>";
		};
		83DFBFAF28CD44EB0042E41F /* Authentication */ = {
			isa = PBXGroup;
			children = (
				83DFBFB028CD450B0042E41F /* AuthHeaderView.swift */,
			);
			path = Authentication;
			sourceTree = "<group>";
		};
/* End PBXGroup section */

/* Begin PBXNativeTarget section */
		83C1312228A34936000B5324 /* Twitter */ = {
			isa = PBXNativeTarget;
			buildConfigurationList = 83C1313128A34937000B5324 /* Build configuration list for PBXNativeTarget "Twitter" */;
			buildPhases = (
				83C1311F28A34936000B5324 /* Sources */,
				83C1312028A34936000B5324 /* Frameworks */,
				83C1312128A34936000B5324 /* Resources */,
			);
			buildRules = (
			);
			dependencies = (
			);
			name = Twitter;
			packageProductDependencies = (
				83DF5CB428D4BAA000D2AE6B /* FirebaseAuth */,
				83DF5CB628D4BAA000D2AE6B /* FirebaseFirestore */,
				83DF5CB828D4BAA000D2AE6B /* FirebaseFirestoreSwift */,
				83DF5CBA28D4BAA000D2AE6B /* FirebaseStorage */,
			);
			productName = Twitter;
			productReference = 83C1312328A34936000B5324 /* Twitter.app */;
			productType = "com.apple.product-type.application";
		};
/* End PBXNativeTarget section */

/* Begin PBXProject section */
		83C1311B28A34936000B5324 /* Project object */ = {
			isa = PBXProject;
			attributes = {
				BuildIndependentTargetsInParallel = 1;
				LastSwiftUpdateCheck = 1340;
				LastUpgradeCheck = 1340;
				TargetAttributes = {
					83C1312228A34936000B5324 = {
						CreatedOnToolsVersion = 13.4.1;
					};
				};
			};
			buildConfigurationList = 83C1311E28A34936000B5324 /* Build configuration list for PBXProject "Twitter" */;
			compatibilityVersion = "Xcode 13.0";
			developmentRegion = en;
			hasScannedForEncodings = 0;
			knownRegions = (
				en,
				Base,
			);
			mainGroup = 83C1311A28A34936000B5324;
			packageReferences = (
				83DF5CB328D4BAA000D2AE6B /* XCRemoteSwiftPackageReference "firebase-ios-sdk" */,
			);
			productRefGroup = 83C1312428A34936000B5324 /* Products */;
			projectDirPath = "";
			projectRoot = "";
			targets = (
				83C1312228A34936000B5324 /* Twitter */,
			);
		};
/* End PBXProject section */

/* Begin PBXResourcesBuildPhase section */
		83C1312128A34936000B5324 /* Resources */ = {
			isa = PBXResourcesBuildPhase;
			buildActionMask = 2147483647;
			files = (
				83C1312E28A34937000B5324 /* Preview Assets.xcassets in Resources */,
				83C1312B28A34937000B5324 /* Assets.xcassets in Resources */,
				83DF5CB228D4B92B00D2AE6B /* GoogleService-Info.plist in Resources */,
			);
			runOnlyForDeploymentPostprocessing = 0;
		};
/* End PBXResourcesBuildPhase section */

/* Begin PBXSourcesBuildPhase section */
		83C1311F28A34936000B5324 /* Sources */ = {
			isa = PBXSourcesBuildPhase;
			buildActionMask = 2147483647;
			files = (
				83242B2D28AE93BE0015D9D1 /* MessagesView.swift in Sources */,
				83242B3128AE9F4A0015D9D1 /* ProfileView.swift in Sources */,
				83C1312928A34936000B5324 /* ContentView.swift in Sources */,
				833C1B3C28A6C46400BDB363 /* TweetsRowView.swift in Sources */,
				83DFBFAE28CD42310042E41F /* CustomInputField.swift in Sources */,
				832536D828CA83A300B80CC9 /* RoundShape.swift in Sources */,
				837EC83028A6173200A3F13F /* FeedView.swift in Sources */,
				83C1312728A34936000B5324 /* TwitterApp.swift in Sources */,
				83CB1D2C28BCA3EB007F5736 /* SideMenuView.swift in Sources */,
				83242B2928AE938C0015D9D1 /* ExploreView.swift in Sources */,
				833C1B3F28A6CB4100BDB363 /* MainTabView.swift in Sources */,
				83CB1D3028BCA40D007F5736 /* SideMenuViewModel.swift in Sources */,
				83CB45DA28BFB75F0097162D /* TextArea.swift in Sources */,
				83CB1D2728BCA028007F5736 /* UserRowView.swift in Sources */,
				832536D428CA68B400B80CC9 /* LoginView.swift in Sources */,
				832536D628CA68CB00B80CC9 /* RegistrationView.swift in Sources */,
				83DFBFB128CD450B0042E41F /* AuthHeaderView.swift in Sources */,
				836EC77728D6BFB800F79B4F /* AuthViewModel.swift in Sources */,
				8349791B28BE8E8500BE049D /* NewTweetView.swift in Sources */,
				83A24FB728BE3CED0044B455 /* SideMenuOptionRowView.swift in Sources */,
				83F3487428B15C9C00743879 /* TweerFilterViewModel.swift in Sources */,
				83242B2B28AE93A50015D9D1 /* NotificationsView.swift in Sources */,
				83CB1D3228BD027B007F5736 /* UserStatsView.swift in Sources */,
			);
			runOnlyForDeploymentPostprocessing = 0;
		};
/* End PBXSourcesBuildPhase section */

/* Begin XCBuildConfiguration section */
		83C1312F28A34937000B5324 /* Debug */ = {
			isa = XCBuildConfiguration;
			buildSettings = {
				ALWAYS_SEARCH_USER_PATHS = NO;
				CLANG_ANALYZER_NONNULL = YES;
				CLANG_ANALYZER_NUMBER_OBJECT_CONVERSION = YES_AGGRESSIVE;
				CLANG_CXX_LANGUAGE_STANDARD = "gnu++17";
				CLANG_ENABLE_MODULES = YES;
				CLANG_ENABLE_OBJC_ARC = YES;
				CLANG_ENABLE_OBJC_WEAK = YES;
				CLANG_WARN_BLOCK_CAPTURE_AUTORELEASING = YES;
				CLANG_WARN_BOOL_CONVERSION = YES;
				CLANG_WARN_COMMA = YES;
				CLANG_WARN_CONSTANT_CONVERSION = YES;
				CLANG_WARN_DEPRECATED_OBJC_IMPLEMENTATIONS = YES;
				CLANG_WARN_DIRECT_OBJC_ISA_USAGE = YES_ERROR;
				CLANG_WARN_DOCUMENTATION_COMMENTS = YES;
				CLANG_WARN_EMPTY_BODY = YES;
				CLANG_WARN_ENUM_CONVERSION = YES;
				CLANG_WARN_INFINITE_RECURSION = YES;
				CLANG_WARN_INT_CONVERSION = YES;
				CLANG_WARN_NON_LITERAL_NULL_CONVERSION = YES;
				CLANG_WARN_OBJC_IMPLICIT_RETAIN_SELF = YES;
				CLANG_WARN_OBJC_LITERAL_CONVERSION = YES;
				CLANG_WARN_OBJC_ROOT_CLASS = YES_ERROR;
				CLANG_WARN_QUOTED_INCLUDE_IN_FRAMEWORK_HEADER = YES;
				CLANG_WARN_RANGE_LOOP_ANALYSIS = YES;
				CLANG_WARN_STRICT_PROTOTYPES = YES;
				CLANG_WARN_SUSPICIOUS_MOVE = YES;
				CLANG_WARN_UNGUARDED_AVAILABILITY = YES_AGGRESSIVE;
				CLANG_WARN_UNREACHABLE_CODE = YES;
				CLANG_WARN__DUPLICATE_METHOD_MATCH = YES;
				COPY_PHASE_STRIP = NO;
				DEBUG_INFORMATION_FORMAT = dwarf;
				ENABLE_STRICT_OBJC_MSGSEND = YES;
				ENABLE_TESTABILITY = YES;
				GCC_C_LANGUAGE_STANDARD = gnu11;
				GCC_DYNAMIC_NO_PIC = NO;
				GCC_NO_COMMON_BLOCKS = YES;
				GCC_OPTIMIZATION_LEVEL = 0;
				GCC_PREPROCESSOR_DEFINITIONS = (
					"DEBUG=1",
					"$(inherited)",
				);
				GCC_WARN_64_TO_32_BIT_CONVERSION = YES;
				GCC_WARN_ABOUT_RETURN_TYPE = YES_ERROR;
				GCC_WARN_UNDECLARED_SELECTOR = YES;
				GCC_WARN_UNINITIALIZED_AUTOS = YES_AGGRESSIVE;
				GCC_WARN_UNUSED_FUNCTION = YES;
				GCC_WARN_UNUSED_VARIABLE = YES;
				IPHONEOS_DEPLOYMENT_TARGET = 15.5;
				MTL_ENABLE_DEBUG_INFO = INCLUDE_SOURCE;
				MTL_FAST_MATH = YES;
				ONLY_ACTIVE_ARCH = YES;
				SDKROOT = iphoneos;
				SWIFT_ACTIVE_COMPILATION_CONDITIONS = DEBUG;
				SWIFT_OPTIMIZATION_LEVEL = "-Onone";
			};
			name = Debug;
		};
		83C1313028A34937000B5324 /* Release */ = {
			isa = XCBuildConfiguration;
			buildSettings = {
				ALWAYS_SEARCH_USER_PATHS = NO;
				CLANG_ANALYZER_NONNULL = YES;
				CLANG_ANALYZER_NUMBER_OBJECT_CONVERSION = YES_AGGRESSIVE;
				CLANG_CXX_LANGUAGE_STANDARD = "gnu++17";
				CLANG_ENABLE_MODULES = YES;
				CLANG_ENABLE_OBJC_ARC = YES;
				CLANG_ENABLE_OBJC_WEAK = YES;
				CLANG_WARN_BLOCK_CAPTURE_AUTORELEASING = YES;
				CLANG_WARN_BOOL_CONVERSION = YES;
				CLANG_WARN_COMMA = YES;
				CLANG_WARN_CONSTANT_CONVERSION = YES;
				CLANG_WARN_DEPRECATED_OBJC_IMPLEMENTATIONS = YES;
				CLANG_WARN_DIRECT_OBJC_ISA_USAGE = YES_ERROR;
				CLANG_WARN_DOCUMENTATION_COMMENTS = YES;
				CLANG_WARN_EMPTY_BODY = YES;
				CLANG_WARN_ENUM_CONVERSION = YES;
				CLANG_WARN_INFINITE_RECURSION = YES;
				CLANG_WARN_INT_CONVERSION = YES;
				CLANG_WARN_NON_LITERAL_NULL_CONVERSION = YES;
				CLANG_WARN_OBJC_IMPLICIT_RETAIN_SELF = YES;
				CLANG_WARN_OBJC_LITERAL_CONVERSION = YES;
				CLANG_WARN_OBJC_ROOT_CLASS = YES_ERROR;
				CLANG_WARN_QUOTED_INCLUDE_IN_FRAMEWORK_HEADER = YES;
				CLANG_WARN_RANGE_LOOP_ANALYSIS = YES;
				CLANG_WARN_STRICT_PROTOTYPES = YES;
				CLANG_WARN_SUSPICIOUS_MOVE = YES;
				CLANG_WARN_UNGUARDED_AVAILABILITY = YES_AGGRESSIVE;
				CLANG_WARN_UNREACHABLE_CODE = YES;
				CLANG_WARN__DUPLICATE_METHOD_MATCH = YES;
				COPY_PHASE_STRIP = NO;
				DEBUG_INFORMATION_FORMAT = "dwarf-with-dsym";
				ENABLE_NS_ASSERTIONS = NO;
				ENABLE_STRICT_OBJC_MSGSEND = YES;
				GCC_C_LANGUAGE_STANDARD = gnu11;
				GCC_NO_COMMON_BLOCKS = YES;
				GCC_WARN_64_TO_32_BIT_CONVERSION = YES;
				GCC_WARN_ABOUT_RETURN_TYPE = YES_ERROR;
				GCC_WARN_UNDECLARED_SELECTOR = YES;
				GCC_WARN_UNINITIALIZED_AUTOS = YES_AGGRESSIVE;
				GCC_WARN_UNUSED_FUNCTION = YES;
				GCC_WARN_UNUSED_VARIABLE = YES;
				IPHONEOS_DEPLOYMENT_TARGET = 15.5;
				MTL_ENABLE_DEBUG_INFO = NO;
				MTL_FAST_MATH = YES;
				SDKROOT = iphoneos;
				SWIFT_COMPILATION_MODE = wholemodule;
				SWIFT_OPTIMIZATION_LEVEL = "-O";
				VALIDATE_PRODUCT = YES;
			};
			name = Release;
		};
		83C1313228A34937000B5324 /* Debug */ = {
			isa = XCBuildConfiguration;
			buildSettings = {
				ASSETCATALOG_COMPILER_APPICON_NAME = AppIcon;
				ASSETCATALOG_COMPILER_GLOBAL_ACCENT_COLOR_NAME = AccentColor;
				CODE_SIGN_STYLE = Automatic;
				CURRENT_PROJECT_VERSION = 1;
				DEVELOPMENT_ASSET_PATHS = "\"Twitter/Preview Content\"";
				DEVELOPMENT_TEAM = 4Q8AHQMGE4;
				ENABLE_PREVIEWS = YES;
				GENERATE_INFOPLIST_FILE = YES;
				INFOPLIST_KEY_UIApplicationSceneManifest_Generation = YES;
				INFOPLIST_KEY_UIApplicationSupportsIndirectInputEvents = YES;
				INFOPLIST_KEY_UILaunchScreen_Generation = YES;
				INFOPLIST_KEY_UISupportedInterfaceOrientations_iPad = "UIInterfaceOrientationPortrait UIInterfaceOrientationPortraitUpsideDown UIInterfaceOrientationLandscapeLeft UIInterfaceOrientationLandscapeRight";
				INFOPLIST_KEY_UISupportedInterfaceOrientations_iPhone = "UIInterfaceOrientationPortrait UIInterfaceOrientationLandscapeLeft UIInterfaceOrientationLandscapeRight";
				LD_RUNPATH_SEARCH_PATHS = (
					"$(inherited)",
					"@executable_path/Frameworks",
				);
				MARKETING_VERSION = 1.0;
				PRODUCT_BUNDLE_IDENTIFIER = com.chelseahannah.Twitter;
				PRODUCT_NAME = "$(TARGET_NAME)";
				SWIFT_EMIT_LOC_STRINGS = YES;
				SWIFT_VERSION = 5.0;
				TARGETED_DEVICE_FAMILY = "1,2";
			};
			name = Debug;
		};
		83C1313328A34937000B5324 /* Release */ = {
			isa = XCBuildConfiguration;
			buildSettings = {
				ASSETCATALOG_COMPILER_APPICON_NAME = AppIcon;
				ASSETCATALOG_COMPILER_GLOBAL_ACCENT_COLOR_NAME = AccentColor;
				CODE_SIGN_STYLE = Automatic;
				CURRENT_PROJECT_VERSION = 1;
				DEVELOPMENT_ASSET_PATHS = "\"Twitter/Preview Content\"";
				DEVELOPMENT_TEAM = 4Q8AHQMGE4;
				ENABLE_PREVIEWS = YES;
				GENERATE_INFOPLIST_FILE = YES;
				INFOPLIST_KEY_UIApplicationSceneManifest_Generation = YES;
				INFOPLIST_KEY_UIApplicationSupportsIndirectInputEvents = YES;
				INFOPLIST_KEY_UILaunchScreen_Generation = YES;
				INFOPLIST_KEY_UISupportedInterfaceOrientations_iPad = "UIInterfaceOrientationPortrait UIInterfaceOrientationPortraitUpsideDown UIInterfaceOrientationLandscapeLeft UIInterfaceOrientationLandscapeRight";
				INFOPLIST_KEY_UISupportedInterfaceOrientations_iPhone = "UIInterfaceOrientationPortrait UIInterfaceOrientationLandscapeLeft UIInterfaceOrientationLandscapeRight";
				LD_RUNPATH_SEARCH_PATHS = (
					"$(inherited)",
					"@executable_path/Frameworks",
				);
				MARKETING_VERSION = 1.0;
				PRODUCT_BUNDLE_IDENTIFIER = com.chelseahannah.Twitter;
				PRODUCT_NAME = "$(TARGET_NAME)";
				SWIFT_EMIT_LOC_STRINGS = YES;
				SWIFT_VERSION = 5.0;
				TARGETED_DEVICE_FAMILY = "1,2";
			};
			name = Release;
		};
/* End XCBuildConfiguration section */

/* Begin XCConfigurationList section */
		83C1311E28A34936000B5324 /* Build configuration list for PBXProject "Twitter" */ = {
			isa = XCConfigurationList;
			buildConfigurations = (
				83C1312F28A34937000B5324 /* Debug */,
				83C1313028A34937000B5324 /* Release */,
			);
			defaultConfigurationIsVisible = 0;
			defaultConfigurationName = Release;
		};
		83C1313128A34937000B5324 /* Build configuration list for PBXNativeTarget "Twitter" */ = {
			isa = XCConfigurationList;
			buildConfigurations = (
				83C1313228A34937000B5324 /* Debug */,
				83C1313328A34937000B5324 /* Release */,
			);
			defaultConfigurationIsVisible = 0;
			defaultConfigurationName = Release;
		};
/* End XCConfigurationList section */

/* Begin XCRemoteSwiftPackageReference section */
		83DF5CB328D4BAA000D2AE6B /* XCRemoteSwiftPackageReference "firebase-ios-sdk" */ = {
			isa = XCRemoteSwiftPackageReference;
			repositoryURL = "https://github.com/firebase/firebase-ios-sdk";
			requirement = {
				branch = master;
				kind = branch;
			};
		};
/* End XCRemoteSwiftPackageReference section */

/* Begin XCSwiftPackageProductDependency section */
		83DF5CB428D4BAA000D2AE6B /* FirebaseAuth */ = {
			isa = XCSwiftPackageProductDependency;
			package = 83DF5CB328D4BAA000D2AE6B /* XCRemoteSwiftPackageReference "firebase-ios-sdk" */;
			productName = FirebaseAuth;
		};
		83DF5CB628D4BAA000D2AE6B /* FirebaseFirestore */ = {
			isa = XCSwiftPackageProductDependency;
			package = 83DF5CB328D4BAA000D2AE6B /* XCRemoteSwiftPackageReference "firebase-ios-sdk" */;
			productName = FirebaseFirestore;
		};
		83DF5CB828D4BAA000D2AE6B /* FirebaseFirestoreSwift */ = {
			isa = XCSwiftPackageProductDependency;
			package = 83DF5CB328D4BAA000D2AE6B /* XCRemoteSwiftPackageReference "firebase-ios-sdk" */;
			productName = FirebaseFirestoreSwift;
		};
		83DF5CBA28D4BAA000D2AE6B /* FirebaseStorage */ = {
			isa = XCSwiftPackageProductDependency;
			package = 83DF5CB328D4BAA000D2AE6B /* XCRemoteSwiftPackageReference "firebase-ios-sdk" */;
			productName = FirebaseStorage;
		};
/* End XCSwiftPackageProductDependency section */
	};
	rootObject = 83C1311B28A34936000B5324 /* Project object */;
}
